
Microsoft Visual Studio Solution File, Format Version 12.00
# Visual Studio Version 17
VisualStudioVersion = 17.12.35707.178 d17.12
MinimumVisualStudioVersion = 10.0.40219.1
Project("{FAE04EC0-301F-11D3-BF4B-00C04F79EFBC}") = "LR13", "ConsoleApp1\LR13.csproj", "{F87BA5B1-9130-4FC7-B087-94D8C675AD34}"
EndProject
Global
	GlobalSection(SolutionConfigurationPlatforms) = preSolution
		Debug|Any CPU = Debug|Any CPU
		Release|Any CPU = Release|Any CPU
	EndGlobalSection
	GlobalSection(ProjectConfigurationPlatforms) = postSolution
		{F87BA5B1-9130-4FC7-B087-94D8C675AD34}.Debug|Any CPU.ActiveCfg = Debug|Any CPU
		{F87BA5B1-9130-4FC7-B087-94D8C675AD34}.Debug|Any CPU.Build.0 = Debug|Any CPU
		{F87BA5B1-9130-4FC7-B087-94D8C675AD34}.Release|Any CPU.ActiveCfg = Release|Any CPU
		{F87BA5B1-9130-4FC7-B087-94D8C675AD34}.Release|Any CPU.Build.0 = Release|Any CPU
	EndGlobalSection
	GlobalSection(SolutionProperties) = preSolution
		HideSolutionNode = FALSE
	EndGlobalSection
EndGlobal
